// !$*UTF8*$!
{
	archiveVersion = 1;
	classes = {
	};
	objectVersion = 55;
	objects = {

/* Begin PBXBuildFile section */
		6F90779112603E1B154DE5C9 /* Pods_Farm_Notes.framework in Frameworks */ = {isa = PBXBuildFile; fileRef = 102D98D897DD602E8ED5459C /* Pods_Farm_Notes.framework */; };
		A025E98F274E813E00F7928C /* RoundTableViewCell.swift in Sources */ = {isa = PBXBuildFile; fileRef = A025E98E274E813E00F7928C /* RoundTableViewCell.swift */; };
		A025E992274ED3BA00F7928C /* RoundLabel.swift in Sources */ = {isa = PBXBuildFile; fileRef = A025E991274ED3BA00F7928C /* RoundLabel.swift */; };
		A025E994274ED3FB00F7928C /* RoundButton.swift in Sources */ = {isa = PBXBuildFile; fileRef = A025E993274ED3FB00F7928C /* RoundButton.swift */; };
		A044E900274E765200ACA9F9 /* notes.swift in Sources */ = {isa = PBXBuildFile; fileRef = A044E8FF274E765200ACA9F9 /* notes.swift */; };
		A0536A49277B679400662E95 /* FertilizationModel.swift in Sources */ = {isa = PBXBuildFile; fileRef = A0536A48277B679400662E95 /* FertilizationModel.swift */; };
		A071185D27760F700010906A /* HomeTV.swift in Sources */ = {isa = PBXBuildFile; fileRef = A071185C27760F700010906A /* HomeTV.swift */; };
		A0780E06277C8EB300EC06B7 /* SprayerViewController.swift in Sources */ = {isa = PBXBuildFile; fileRef = A0780E05277C8EB300EC06B7 /* SprayerViewController.swift */; };
		A086970D274BF6B500AB515D /* CELLTableViewCell.swift in Sources */ = {isa = PBXBuildFile; fileRef = A086970C274BF6B500AB515D /* CELLTableViewCell.swift */; };
		A086970F274E749300AB515D /* NotesViewController.swift in Sources */ = {isa = PBXBuildFile; fileRef = A086970E274E749300AB515D /* NotesViewController.swift */; };
		A08D74A92756BF90005CBACE /* FertilzationViewController.swift in Sources */ = {isa = PBXBuildFile; fileRef = A08D74A82756BF8F005CBACE /* FertilzationViewController.swift */; };
		A08D74AC2756C395005CBACE /* Fertilizer.swift in Sources */ = {isa = PBXBuildFile; fileRef = A08D74AB2756C395005CBACE /* Fertilizer.swift */; };
		A0A3ABF3276DD82B008CE9BE /* WeightUnit.swift in Sources */ = {isa = PBXBuildFile; fileRef = A0A3ABF2276DD82B008CE9BE /* WeightUnit.swift */; };
		A0D4BAC9277AFB08007043F5 /* CELLFertilizerTableViewCell.swift in Sources */ = {isa = PBXBuildFile; fileRef = A0D4BAC8277AFB08007043F5 /* CELLFertilizerTableViewCell.swift */; };
		A0F0800D274BE3AF001363DA /* AppDelegate.swift in Sources */ = {isa = PBXBuildFile; fileRef = A0F0800C274BE3AF001363DA /* AppDelegate.swift */; };
		A0F0800F274BE3AF001363DA /* SceneDelegate.swift in Sources */ = {isa = PBXBuildFile; fileRef = A0F0800E274BE3AF001363DA /* SceneDelegate.swift */; };
		A0F08014274BE3AF001363DA /* Main.storyboard in Resources */ = {isa = PBXBuildFile; fileRef = A0F08012274BE3AF001363DA /* Main.storyboard */; };
		A0F08016274BE3B0001363DA /* Assets.xcassets in Resources */ = {isa = PBXBuildFile; fileRef = A0F08015274BE3B0001363DA /* Assets.xcassets */; };
		A0F08019274BE3B0001363DA /* LaunchScreen.storyboard in Resources */ = {isa = PBXBuildFile; fileRef = A0F08017274BE3B0001363DA /* LaunchScreen.storyboard */; };
		A0F08021274BE5D8001363DA /* HomeViewController.swift in Sources */ = {isa = PBXBuildFile; fileRef = A0F08020274BE5D8001363DA /* HomeViewController.swift */; };
		A0F08024274BE6CE001363DA /* GoogleService-Info.plist in Resources */ = {isa = PBXBuildFile; fileRef = A0F08023274BE6CE001363DA /* GoogleService-Info.plist */; };
/* End PBXBuildFile section */

/* Begin PBXFileReference section */
		102D98D897DD602E8ED5459C /* Pods_Farm_Notes.framework */ = {isa = PBXFileReference; explicitFileType = wrapper.framework; includeInIndex = 0; path = Pods_Farm_Notes.framework; sourceTree = BUILT_PRODUCTS_DIR; };
		914B86CFCA3503D8C55FAA59 /* Pods-Farm Notes.release.xcconfig */ = {isa = PBXFileReference; includeInIndex = 1; lastKnownFileType = text.xcconfig; name = "Pods-Farm Notes.release.xcconfig"; path = "Target Support Files/Pods-Farm Notes/Pods-Farm Notes.release.xcconfig"; sourceTree = "<group>"; };
		989B1B494C8469EDD0356FE5 /* Pods-Farm Notes.debug.xcconfig */ = {isa = PBXFileReference; includeInIndex = 1; lastKnownFileType = text.xcconfig; name = "Pods-Farm Notes.debug.xcconfig"; path = "Target Support Files/Pods-Farm Notes/Pods-Farm Notes.debug.xcconfig"; sourceTree = "<group>"; };
		A025E98E274E813E00F7928C /* RoundTableViewCell.swift */ = {isa = PBXFileReference; fileEncoding = 4; lastKnownFileType = sourcecode.swift; path = RoundTableViewCell.swift; sourceTree = "<group>"; };
		A025E991274ED3BA00F7928C /* RoundLabel.swift */ = {isa = PBXFileReference; fileEncoding = 4; lastKnownFileType = sourcecode.swift; path = RoundLabel.swift; sourceTree = "<group>"; };
		A025E993274ED3FB00F7928C /* RoundButton.swift */ = {isa = PBXFileReference; fileEncoding = 4; lastKnownFileType = sourcecode.swift; path = RoundButton.swift; sourceTree = "<group>"; };
		A044E8FF274E765200ACA9F9 /* notes.swift */ = {isa = PBXFileReference; fileEncoding = 4; lastKnownFileType = sourcecode.swift; path = notes.swift; sourceTree = "<group>"; };
		A0536A48277B679400662E95 /* FertilizationModel.swift */ = {isa = PBXFileReference; lastKnownFileType = sourcecode.swift; path = FertilizationModel.swift; sourceTree = "<group>"; };
		A071185C27760F700010906A /* HomeTV.swift */ = {isa = PBXFileReference; lastKnownFileType = sourcecode.swift; path = HomeTV.swift; sourceTree = "<group>"; };
		A0780E05277C8EB300EC06B7 /* SprayerViewController.swift */ = {isa = PBXFileReference; lastKnownFileType = sourcecode.swift; path = SprayerViewController.swift; sourceTree = "<group>"; };
		A086970C274BF6B500AB515D /* CELLTableViewCell.swift */ = {isa = PBXFileReference; lastKnownFileType = sourcecode.swift; name = CELLTableViewCell.swift; path = "Farm Notes/CELLTableViewCell.swift"; sourceTree = SOURCE_ROOT; };
		A086970E274E749300AB515D /* NotesViewController.swift */ = {isa = PBXFileReference; lastKnownFileType = sourcecode.swift; path = NotesViewController.swift; sourceTree = "<group>"; };
		A08D74A82756BF8F005CBACE /* FertilzationViewController.swift */ = {isa = PBXFileReference; lastKnownFileType = sourcecode.swift; path = FertilzationViewController.swift; sourceTree = "<group>"; };
		A08D74AB2756C395005CBACE /* Fertilizer.swift */ = {isa = PBXFileReference; lastKnownFileType = sourcecode.swift; name = Fertilizer.swift; path = "Farm Notes/Fertilizer.swift"; sourceTree = SOURCE_ROOT; };
		A0A3ABF2276DD82B008CE9BE /* WeightUnit.swift */ = {isa = PBXFileReference; lastKnownFileType = sourcecode.swift; name = WeightUnit.swift; path = "Farm Notes/Services Files/WeightUnit.swift"; sourceTree = SOURCE_ROOT; };
		A0B88EE6277D02FE007DFD67 /* Farm Notes.entitlements */ = {isa = PBXFileReference; lastKnownFileType = text.plist.entitlements; path = "Farm Notes.entitlements"; sourceTree = "<group>"; };
		A0D4BAC8277AFB08007043F5 /* CELLFertilizerTableViewCell.swift */ = {isa = PBXFileReference; lastKnownFileType = sourcecode.swift; path = CELLFertilizerTableViewCell.swift; sourceTree = "<group>"; };
		A0F08009274BE3AF001363DA /* Farm Notes.app */ = {isa = PBXFileReference; explicitFileType = wrapper.application; includeInIndex = 0; path = "Farm Notes.app"; sourceTree = BUILT_PRODUCTS_DIR; };
		A0F0800C274BE3AF001363DA /* AppDelegate.swift */ = {isa = PBXFileReference; lastKnownFileType = sourcecode.swift; path = AppDelegate.swift; sourceTree = "<group>"; };
		A0F0800E274BE3AF001363DA /* SceneDelegate.swift */ = {isa = PBXFileReference; lastKnownFileType = sourcecode.swift; path = SceneDelegate.swift; sourceTree = "<group>"; };
		A0F08013274BE3AF001363DA /* Base */ = {isa = PBXFileReference; lastKnownFileType = file.storyboard; name = Base; path = Base.lproj/Main.storyboard; sourceTree = "<group>"; };
		A0F08015274BE3B0001363DA /* Assets.xcassets */ = {isa = PBXFileReference; lastKnownFileType = folder.assetcatalog; path = Assets.xcassets; sourceTree = "<group>"; };
		A0F08018274BE3B0001363DA /* Base */ = {isa = PBXFileReference; lastKnownFileType = file.storyboard; name = Base; path = Base.lproj/LaunchScreen.storyboard; sourceTree = "<group>"; };
		A0F0801A274BE3B0001363DA /* Info.plist */ = {isa = PBXFileReference; lastKnownFileType = text.plist.xml; path = Info.plist; sourceTree = "<group>"; };
		A0F08020274BE5D8001363DA /* HomeViewController.swift */ = {isa = PBXFileReference; lastKnownFileType = sourcecode.swift; path = HomeViewController.swift; sourceTree = "<group>"; };
		A0F08023274BE6CE001363DA /* GoogleService-Info.plist */ = {isa = PBXFileReference; fileEncoding = 4; lastKnownFileType = text.plist.xml; path = "GoogleService-Info.plist"; sourceTree = "<group>"; };
/* End PBXFileReference section */

/* Begin PBXFrameworksBuildPhase section */
		A0F08006274BE3AF001363DA /* Frameworks */ = {
			isa = PBXFrameworksBuildPhase;
			buildActionMask = 2147483647;
			files = (
				6F90779112603E1B154DE5C9 /* Pods_Farm_Notes.framework in Frameworks */,
			);
			runOnlyForDeploymentPostprocessing = 0;
		};
/* End PBXFrameworksBuildPhase section */

/* Begin PBXGroup section */
		A025E990274E825C00F7928C /* Services Files */ = {
			isa = PBXGroup;
			children = (
				A0A3ABF2276DD82B008CE9BE /* WeightUnit.swift */,
				A025E991274ED3BA00F7928C /* RoundLabel.swift */,
				A025E98E274E813E00F7928C /* RoundTableViewCell.swift */,
				A025E993274ED3FB00F7928C /* RoundButton.swift */,
			);
			path = "Services Files";
			sourceTree = "<group>";
		};
		A044E8FE274E764A00ACA9F9 /* Models */ = {
			isa = PBXGroup;
			children = (
				A08D74AB2756C395005CBACE /* Fertilizer.swift */,
				A071185C27760F700010906A /* HomeTV.swift */,
				A0536A48277B679400662E95 /* FertilizationModel.swift */,
				A044E8FF274E765200ACA9F9 /* notes.swift */,
			);
			path = Models;
			sourceTree = "<group>";
		};
		A0780E07277C8EBA00EC06B7 /* SprayerVC */ = {
			isa = PBXGroup;
			children = (
				A0780E05277C8EB300EC06B7 /* SprayerViewController.swift */,
			);
			path = SprayerVC;
			sourceTree = "<group>";
		};
		A0869710274E749D00AB515D /* NotesVC */ = {
			isa = PBXGroup;
			children = (
				A086970E274E749300AB515D /* NotesViewController.swift */,
			);
			path = NotesVC;
			sourceTree = "<group>";
		};
		A08D74AA2756BFA1005CBACE /* FerilizerVC */ = {
			isa = PBXGroup;
			children = (
				A0D4BAC8277AFB08007043F5 /* CELLFertilizerTableViewCell.swift */,
				A08D74A82756BF8F005CBACE /* FertilzationViewController.swift */,
			);
			path = FerilizerVC;
			sourceTree = "<group>";
		};
		A0F08000274BE3AF001363DA = {
			isa = PBXGroup;
			children = (
				A0F0800B274BE3AF001363DA /* Farm Notes */,
				A0F0800A274BE3AF001363DA /* Products */,
				EBDE6DF2A17AF8ACF70C63F9 /* Pods */,
				CF0C88FA530F9936C51FF753 /* Frameworks */,
			);
			sourceTree = "<group>";
		};
		A0F0800A274BE3AF001363DA /* Products */ = {
			isa = PBXGroup;
			children = (
				A0F08009274BE3AF001363DA /* Farm Notes.app */,
			);
			name = Products;
			sourceTree = "<group>";
		};
		A0F0800B274BE3AF001363DA /* Farm Notes */ = {
			isa = PBXGroup;
			children = (
				A0B88EE6277D02FE007DFD67 /* Farm Notes.entitlements */,
				A0F0800C274BE3AF001363DA /* AppDelegate.swift */,
				A0F0800E274BE3AF001363DA /* SceneDelegate.swift */,
				A08D74AA2756BFA1005CBACE /* FerilizerVC */,
				A025E990274E825C00F7928C /* Services Files */,
				A044E8FE274E764A00ACA9F9 /* Models */,
				A0F08012274BE3AF001363DA /* Main.storyboard */,
				A0780E07277C8EBA00EC06B7 /* SprayerVC */,
				A0869710274E749D00AB515D /* NotesVC */,
				A0F08022274BE5F5001363DA /* HomeVC */,
				A0F08015274BE3B0001363DA /* Assets.xcassets */,
				A0F08017274BE3B0001363DA /* LaunchScreen.storyboard */,
				A0F0801A274BE3B0001363DA /* Info.plist */,
				A0F08023274BE6CE001363DA /* GoogleService-Info.plist */,
			);
			path = "Farm Notes";
			sourceTree = "<group>";
		};
		A0F08022274BE5F5001363DA /* HomeVC */ = {
			isa = PBXGroup;
			children = (
				A086970C274BF6B500AB515D /* CELLTableViewCell.swift */,
				A0F08020274BE5D8001363DA /* HomeViewController.swift */,
			);
			path = HomeVC;
			sourceTree = "<group>";
		};
		CF0C88FA530F9936C51FF753 /* Frameworks */ = {
			isa = PBXGroup;
			children = (
				102D98D897DD602E8ED5459C /* Pods_Farm_Notes.framework */,
			);
			name = Frameworks;
			sourceTree = "<group>";
		};
		EBDE6DF2A17AF8ACF70C63F9 /* Pods */ = {
			isa = PBXGroup;
			children = (
				989B1B494C8469EDD0356FE5 /* Pods-Farm Notes.debug.xcconfig */,
				914B86CFCA3503D8C55FAA59 /* Pods-Farm Notes.release.xcconfig */,
			);
			path = Pods;
			sourceTree = "<group>";
		};
/* End PBXGroup section */

/* Begin PBXNativeTarget section */
		A0F08008274BE3AF001363DA /* Farm Notes */ = {
			isa = PBXNativeTarget;
			buildConfigurationList = A0F0801D274BE3B0001363DA /* Build configuration list for PBXNativeTarget "Farm Notes" */;
			buildPhases = (
				6BB2E685CAB60DF338EB0F99 /* [CP] Check Pods Manifest.lock */,
				A0F08005274BE3AF001363DA /* Sources */,
				A0F08006274BE3AF001363DA /* Frameworks */,
				A0F08007274BE3AF001363DA /* Resources */,
				467E2D1E6DCB81D47AF76DB8 /* [CP] Embed Pods Frameworks */,
				32705BAF1F700EC06E1A9867 /* [CP] Copy Pods Resources */,
			);
			buildRules = (
			);
			dependencies = (
			);
			name = "Farm Notes";
			productName = "Farm Notes";
			productReference = A0F08009274BE3AF001363DA /* Farm Notes.app */;
			productType = "com.apple.product-type.application";
		};
/* End PBXNativeTarget section */

/* Begin PBXProject section */
		A0F08001274BE3AF001363DA /* Project object */ = {
			isa = PBXProject;
			attributes = {
				BuildIndependentTargetsInParallel = 1;
				LastSwiftUpdateCheck = 1310;
				LastUpgradeCheck = 1310;
				TargetAttributes = {
					A0F08008274BE3AF001363DA = {
						CreatedOnToolsVersion = 13.1;
					};
				};
			};
			buildConfigurationList = A0F08004274BE3AF001363DA /* Build configuration list for PBXProject "Farm Notes" */;
			compatibilityVersion = "Xcode 13.0";
			developmentRegion = en;
			hasScannedForEncodings = 0;
			knownRegions = (
				en,
				Base,
			);
			mainGroup = A0F08000274BE3AF001363DA;
			productRefGroup = A0F0800A274BE3AF001363DA /* Products */;
			projectDirPath = "";
			projectRoot = "";
			targets = (
				A0F08008274BE3AF001363DA /* Farm Notes */,
			);
		};
/* End PBXProject section */

/* Begin PBXResourcesBuildPhase section */
		A0F08007274BE3AF001363DA /* Resources */ = {
			isa = PBXResourcesBuildPhase;
			buildActionMask = 2147483647;
			files = (
				A0F08019274BE3B0001363DA /* LaunchScreen.storyboard in Resources */,
				A0F08024274BE6CE001363DA /* GoogleService-Info.plist in Resources */,
				A0F08016274BE3B0001363DA /* Assets.xcassets in Resources */,
				A0F08014274BE3AF001363DA /* Main.storyboard in Resources */,
			);
			runOnlyForDeploymentPostprocessing = 0;
		};
/* End PBXResourcesBuildPhase section */

/* Begin PBXShellScriptBuildPhase section */
		32705BAF1F700EC06E1A9867 /* [CP] Copy Pods Resources */ = {
			isa = PBXShellScriptBuildPhase;
			buildActionMask = 2147483647;
			files = (
			);
			inputFileListPaths = (
				"${PODS_ROOT}/Target Support Files/Pods-Farm Notes/Pods-Farm Notes-resources-${CONFIGURATION}-input-files.xcfilelist",
			);
			name = "[CP] Copy Pods Resources";
			outputFileListPaths = (
				"${PODS_ROOT}/Target Support Files/Pods-Farm Notes/Pods-Farm Notes-resources-${CONFIGURATION}-output-files.xcfilelist",
			);
			runOnlyForDeploymentPostprocessing = 0;
			shellPath = /bin/sh;
			shellScript = "\"${PODS_ROOT}/Target Support Files/Pods-Farm Notes/Pods-Farm Notes-resources.sh\"\n";
			showEnvVarsInLog = 0;
		};
		467E2D1E6DCB81D47AF76DB8 /* [CP] Embed Pods Frameworks */ = {
			isa = PBXShellScriptBuildPhase;
			buildActionMask = 2147483647;
			files = (
			);
			inputFileListPaths = (
				"${PODS_ROOT}/Target Support Files/Pods-Farm Notes/Pods-Farm Notes-frameworks-${CONFIGURATION}-input-files.xcfilelist",
			);
			name = "[CP] Embed Pods Frameworks";
			outputFileListPaths = (
				"${PODS_ROOT}/Target Support Files/Pods-Farm Notes/Pods-Farm Notes-frameworks-${CONFIGURATION}-output-files.xcfilelist",
			);
			runOnlyForDeploymentPostprocessing = 0;
			shellPath = /bin/sh;
			shellScript = "\"${PODS_ROOT}/Target Support Files/Pods-Farm Notes/Pods-Farm Notes-frameworks.sh\"\n";
			showEnvVarsInLog = 0;
		};
		6BB2E685CAB60DF338EB0F99 /* [CP] Check Pods Manifest.lock */ = {
			isa = PBXShellScriptBuildPhase;
			buildActionMask = 2147483647;
			files = (
			);
			inputFileListPaths = (
			);
			inputPaths = (
				"${PODS_PODFILE_DIR_PATH}/Podfile.lock",
				"${PODS_ROOT}/Manifest.lock",
			);
			name = "[CP] Check Pods Manifest.lock";
			outputFileListPaths = (
			);
			outputPaths = (
				"$(DERIVED_FILE_DIR)/Pods-Farm Notes-checkManifestLockResult.txt",
			);
			runOnlyForDeploymentPostprocessing = 0;
			shellPath = /bin/sh;
			shellScript = "diff \"${PODS_PODFILE_DIR_PATH}/Podfile.lock\" \"${PODS_ROOT}/Manifest.lock\" > /dev/null\nif [ $? != 0 ] ; then\n    # print error to STDERR\n    echo \"error: The sandbox is not in sync with the Podfile.lock. Run 'pod install' or update your CocoaPods installation.\" >&2\n    exit 1\nfi\n# This output is used by Xcode 'outputs' to avoid re-running this script phase.\necho \"SUCCESS\" > \"${SCRIPT_OUTPUT_FILE_0}\"\n";
			showEnvVarsInLog = 0;
		};
/* End PBXShellScriptBuildPhase section */

/* Begin PBXSourcesBuildPhase section */
		A0F08005274BE3AF001363DA /* Sources */ = {
			isa = PBXSourcesBuildPhase;
			buildActionMask = 2147483647;
			files = (
				A08D74A92756BF90005CBACE /* FertilzationViewController.swift in Sources */,
				A025E994274ED3FB00F7928C /* RoundButton.swift in Sources */,
				A0F0800D274BE3AF001363DA /* AppDelegate.swift in Sources */,
				A086970F274E749300AB515D /* NotesViewController.swift in Sources */,
				A086970D274BF6B500AB515D /* CELLTableViewCell.swift in Sources */,
				A025E992274ED3BA00F7928C /* RoundLabel.swift in Sources */,
				A025E98F274E813E00F7928C /* RoundTableViewCell.swift in Sources */,
				A0A3ABF3276DD82B008CE9BE /* WeightUnit.swift in Sources */,
				A071185D27760F700010906A /* HomeTV.swift in Sources */,
				A0D4BAC9277AFB08007043F5 /* CELLFertilizerTableViewCell.swift in Sources */,
				A0536A49277B679400662E95 /* FertilizationModel.swift in Sources */,
				A0780E06277C8EB300EC06B7 /* SprayerViewController.swift in Sources */,
				A044E900274E765200ACA9F9 /* notes.swift in Sources */,
				A0F0800F274BE3AF001363DA /* SceneDelegate.swift in Sources */,
				A0F08021274BE5D8001363DA /* HomeViewController.swift in Sources */,
				A08D74AC2756C395005CBACE /* Fertilizer.swift in Sources */,
			);
			runOnlyForDeploymentPostprocessing = 0;
		};
/* End PBXSourcesBuildPhase section */

/* Begin PBXVariantGroup section */
		A0F08012274BE3AF001363DA /* Main.storyboard */ = {
			isa = PBXVariantGroup;
			children = (
				A0F08013274BE3AF001363DA /* Base */,
			);
			name = Main.storyboard;
			sourceTree = "<group>";
		};
		A0F08017274BE3B0001363DA /* LaunchScreen.storyboard */ = {
			isa = PBXVariantGroup;
			children = (
				A0F08018274BE3B0001363DA /* Base */,
			);
			name = LaunchScreen.storyboard;
			sourceTree = "<group>";
		};
/* End PBXVariantGroup section */

/* Begin XCBuildConfiguration section */
		A0F0801B274BE3B0001363DA /* Debug */ = {
			isa = XCBuildConfiguration;
			buildSettings = {
				ALWAYS_SEARCH_USER_PATHS = NO;
				CLANG_ANALYZER_NONNULL = YES;
				CLANG_ANALYZER_NUMBER_OBJECT_CONVERSION = YES_AGGRESSIVE;
				CLANG_CXX_LANGUAGE_STANDARD = "gnu++17";
				CLANG_CXX_LIBRARY = "libc++";
				CLANG_ENABLE_MODULES = YES;
				CLANG_ENABLE_OBJC_ARC = YES;
				CLANG_ENABLE_OBJC_WEAK = YES;
				CLANG_WARN_BLOCK_CAPTURE_AUTORELEASING = YES;
				CLANG_WARN_BOOL_CONVERSION = YES;
				CLANG_WARN_COMMA = YES;
				CLANG_WARN_CONSTANT_CONVERSION = YES;
				CLANG_WARN_DEPRECATED_OBJC_IMPLEMENTATIONS = YES;
				CLANG_WARN_DIRECT_OBJC_ISA_USAGE = YES_ERROR;
				CLANG_WARN_DOCUMENTATION_COMMENTS = YES;
				CLANG_WARN_EMPTY_BODY = YES;
				CLANG_WARN_ENUM_CONVERSION = YES;
				CLANG_WARN_INFINITE_RECURSION = YES;
				CLANG_WARN_INT_CONVERSION = YES;
				CLANG_WARN_NON_LITERAL_NULL_CONVERSION = YES;
				CLANG_WARN_OBJC_IMPLICIT_RETAIN_SELF = YES;
				CLANG_WARN_OBJC_LITERAL_CONVERSION = YES;
				CLANG_WARN_OBJC_ROOT_CLASS = YES_ERROR;
				CLANG_WARN_QUOTED_INCLUDE_IN_FRAMEWORK_HEADER = YES;
				CLANG_WARN_RANGE_LOOP_ANALYSIS = YES;
				CLANG_WARN_STRICT_PROTOTYPES = YES;
				CLANG_WARN_SUSPICIOUS_MOVE = YES;
				CLANG_WARN_UNGUARDED_AVAILABILITY = YES_AGGRESSIVE;
				CLANG_WARN_UNREACHABLE_CODE = YES;
				CLANG_WARN__DUPLICATE_METHOD_MATCH = YES;
				COPY_PHASE_STRIP = NO;
				DEBUG_INFORMATION_FORMAT = dwarf;
				ENABLE_STRICT_OBJC_MSGSEND = YES;
				ENABLE_TESTABILITY = YES;
				GCC_C_LANGUAGE_STANDARD = gnu11;
				GCC_DYNAMIC_NO_PIC = NO;
				GCC_NO_COMMON_BLOCKS = YES;
				GCC_OPTIMIZATION_LEVEL = 0;
				GCC_PREPROCESSOR_DEFINITIONS = (
					"DEBUG=1",
					"$(inherited)",
				);
				GCC_WARN_64_TO_32_BIT_CONVERSION = YES;
				GCC_WARN_ABOUT_RETURN_TYPE = YES_ERROR;
				GCC_WARN_UNDECLARED_SELECTOR = YES;
				GCC_WARN_UNINITIALIZED_AUTOS = YES_AGGRESSIVE;
				GCC_WARN_UNUSED_FUNCTION = YES;
				GCC_WARN_UNUSED_VARIABLE = YES;
				IPHONEOS_DEPLOYMENT_TARGET = 15.0;
				MTL_ENABLE_DEBUG_INFO = INCLUDE_SOURCE;
				MTL_FAST_MATH = YES;
				ONLY_ACTIVE_ARCH = YES;
				SDKROOT = iphoneos;
				SWIFT_ACTIVE_COMPILATION_CONDITIONS = DEBUG;
				SWIFT_OPTIMIZATION_LEVEL = "-Onone";
			};
			name = Debug;
		};
		A0F0801C274BE3B0001363DA /* Release */ = {
			isa = XCBuildConfiguration;
			buildSettings = {
				ALWAYS_SEARCH_USER_PATHS = NO;
				CLANG_ANALYZER_NONNULL = YES;
				CLANG_ANALYZER_NUMBER_OBJECT_CONVERSION = YES_AGGRESSIVE;
				CLANG_CXX_LANGUAGE_STANDARD = "gnu++17";
				CLANG_CXX_LIBRARY = "libc++";
				CLANG_ENABLE_MODULES = YES;
				CLANG_ENABLE_OBJC_ARC = YES;
				CLANG_ENABLE_OBJC_WEAK = YES;
				CLANG_WARN_BLOCK_CAPTURE_AUTORELEASING = YES;
				CLANG_WARN_BOOL_CONVERSION = YES;
				CLANG_WARN_COMMA = YES;
				CLANG_WARN_CONSTANT_CONVERSION = YES;
				CLANG_WARN_DEPRECATED_OBJC_IMPLEMENTATIONS = YES;
				CLANG_WARN_DIRECT_OBJC_ISA_USAGE = YES_ERROR;
				CLANG_WARN_DOCUMENTATION_COMMENTS = YES;
				CLANG_WARN_EMPTY_BODY = YES;
				CLANG_WARN_ENUM_CONVERSION = YES;
				CLANG_WARN_INFINITE_RECURSION = YES;
				CLANG_WARN_INT_CONVERSION = YES;
				CLANG_WARN_NON_LITERAL_NULL_CONVERSION = YES;
				CLANG_WARN_OBJC_IMPLICIT_RETAIN_SELF = YES;
				CLANG_WARN_OBJC_LITERAL_CONVERSION = YES;
				CLANG_WARN_OBJC_ROOT_CLASS = YES_ERROR;
				CLANG_WARN_QUOTED_INCLUDE_IN_FRAMEWORK_HEADER = YES;
				CLANG_WARN_RANGE_LOOP_ANALYSIS = YES;
				CLANG_WARN_STRICT_PROTOTYPES = YES;
				CLANG_WARN_SUSPICIOUS_MOVE = YES;
				CLANG_WARN_UNGUARDED_AVAILABILITY = YES_AGGRESSIVE;
				CLANG_WARN_UNREACHABLE_CODE = YES;
				CLANG_WARN__DUPLICATE_METHOD_MATCH = YES;
				COPY_PHASE_STRIP = NO;
				DEBUG_INFORMATION_FORMAT = "dwarf-with-dsym";
				ENABLE_NS_ASSERTIONS = NO;
				ENABLE_STRICT_OBJC_MSGSEND = YES;
				GCC_C_LANGUAGE_STANDARD = gnu11;
				GCC_NO_COMMON_BLOCKS = YES;
				GCC_WARN_64_TO_32_BIT_CONVERSION = YES;
				GCC_WARN_ABOUT_RETURN_TYPE = YES_ERROR;
				GCC_WARN_UNDECLARED_SELECTOR = YES;
				GCC_WARN_UNINITIALIZED_AUTOS = YES_AGGRESSIVE;
				GCC_WARN_UNUSED_FUNCTION = YES;
				GCC_WARN_UNUSED_VARIABLE = YES;
				IPHONEOS_DEPLOYMENT_TARGET = 15.0;
				MTL_ENABLE_DEBUG_INFO = NO;
				MTL_FAST_MATH = YES;
				SDKROOT = iphoneos;
				SWIFT_COMPILATION_MODE = wholemodule;
				SWIFT_OPTIMIZATION_LEVEL = "-O";
				VALIDATE_PRODUCT = YES;
			};
			name = Release;
		};
		A0F0801E274BE3B0001363DA /* Debug */ = {
			isa = XCBuildConfiguration;
			baseConfigurationReference = 989B1B494C8469EDD0356FE5 /* Pods-Farm Notes.debug.xcconfig */;
			buildSettings = {
				ASSETCATALOG_COMPILER_APPICON_NAME = AppIcon;
				ASSETCATALOG_COMPILER_GLOBAL_ACCENT_COLOR_NAME = AccentColor;
				CODE_SIGN_ENTITLEMENTS = "Farm Notes/Farm Notes.entitlements";
				CODE_SIGN_STYLE = Automatic;
				CURRENT_PROJECT_VERSION = 1;
				DEVELOPMENT_TEAM = FWDSDKN998;
				GENERATE_INFOPLIST_FILE = YES;
				INFOPLIST_FILE = "Farm Notes/Info.plist";
				INFOPLIST_KEY_CFBundleDisplayName = "Farming Notes";
				INFOPLIST_KEY_UIApplicationSupportsIndirectInputEvents = YES;
				INFOPLIST_KEY_UILaunchStoryboardName = LaunchScreen;
				INFOPLIST_KEY_UIMainStoryboardFile = Main;
				INFOPLIST_KEY_UISupportedInterfaceOrientations_iPad = "UIInterfaceOrientationPortrait UIInterfaceOrientationPortraitUpsideDown UIInterfaceOrientationLandscapeLeft UIInterfaceOrientationLandscapeRight";
				INFOPLIST_KEY_UISupportedInterfaceOrientations_iPhone = "UIInterfaceOrientationPortrait UIInterfaceOrientationLandscapeLeft UIInterfaceOrientationLandscapeRight";
				INFOPLIST_KEY_UIUserInterfaceStyle = Light;
				IPHONEOS_DEPLOYMENT_TARGET = 14.0;
				LD_RUNPATH_SEARCH_PATHS = (
					"$(inherited)",
					"@executable_path/Frameworks",
				);
				MARKETING_VERSION = 1.0.8;
				PRODUCT_BUNDLE_IDENTIFIER = "Alberto-Giambone.Farm-Notes";
				PRODUCT_NAME = "$(TARGET_NAME)";
				SWIFT_EMIT_LOC_STRINGS = YES;
				SWIFT_VERSION = 5.0;
				TARGETED_DEVICE_FAMILY = 1;
			};
			name = Debug;
		};
		A0F0801F274BE3B0001363DA /* Release */ = {
			isa = XCBuildConfiguration;
			baseConfigurationReference = 914B86CFCA3503D8C55FAA59 /* Pods-Farm Notes.release.xcconfig */;
			buildSettings = {
				ASSETCATALOG_COMPILER_APPICON_NAME = AppIcon;
				ASSETCATALOG_COMPILER_GLOBAL_ACCENT_COLOR_NAME = AccentColor;
				CODE_SIGN_ENTITLEMENTS = "Farm Notes/Farm Notes.entitlements";
				CODE_SIGN_STYLE = Automatic;
				CURRENT_PROJECT_VERSION = 1;
				DEVELOPMENT_TEAM = FWDSDKN998;
				GENERATE_INFOPLIST_FILE = YES;
				INFOPLIST_FILE = "Farm Notes/Info.plist";
				INFOPLIST_KEY_CFBundleDisplayName = "Farming Notes";
				INFOPLIST_KEY_UIApplicationSupportsIndirectInputEvents = YES;
				INFOPLIST_KEY_UILaunchStoryboardName = LaunchScreen;
				INFOPLIST_KEY_UIMainStoryboardFile = Main;
				INFOPLIST_KEY_UISupportedInterfaceOrientations_iPad = "UIInterfaceOrientationPortrait UIInterfaceOrientationPortraitUpsideDown UIInterfaceOrientationLandscapeLeft UIInterfaceOrientationLandscapeRight";
				INFOPLIST_KEY_UISupportedInterfaceOrientations_iPhone = "UIInterfaceOrientationPortrait UIInterfaceOrientationLandscapeLeft UIInterfaceOrientationLandscapeRight";
				INFOPLIST_KEY_UIUserInterfaceStyle = Light;
				IPHONEOS_DEPLOYMENT_TARGET = 14.0;
				LD_RUNPATH_SEARCH_PATHS = (
					"$(inherited)",
					"@executable_path/Frameworks",
				);
				MARKETING_VERSION = 1.0.8;
				PRODUCT_BUNDLE_IDENTIFIER = "Alberto-Giambone.Farm-Notes";
				PRODUCT_NAME = "$(TARGET_NAME)";
				SWIFT_EMIT_LOC_STRINGS = YES;
				SWIFT_VERSION = 5.0;
				TARGETED_DEVICE_FAMILY = 1;
			};
			name = Release;
		};
/* End XCBuildConfiguration section */

/* Begin XCConfigurationList section */
		A0F08004274BE3AF001363DA /* Build configuration list for PBXProject "Farm Notes" */ = {
			isa = XCConfigurationList;
			buildConfigurations = (
				A0F0801B274BE3B0001363DA /* Debug */,
				A0F0801C274BE3B0001363DA /* Release */,
			);
			defaultConfigurationIsVisible = 0;
			defaultConfigurationName = Release;
		};
		A0F0801D274BE3B0001363DA /* Build configuration list for PBXNativeTarget "Farm Notes" */ = {
			isa = XCConfigurationList;
			buildConfigurations = (
				A0F0801E274BE3B0001363DA /* Debug */,
				A0F0801F274BE3B0001363DA /* Release */,
			);
			defaultConfigurationIsVisible = 0;
			defaultConfigurationName = Release;
		};
/* End XCConfigurationList section */
	};
	rootObject = A0F08001274BE3AF001363DA /* Project object */;
}
